Microsoft Visual Studio Solution File, Format Version 12.00
# Visual Studio Version 17
VisualStudioVersion = 17.12.35527.113
MinimumVisualStudioVersion = 10.0.40219.1
Project("{FAE04EC0-301F-11D3-BF4B-00C04F79EFBC}") = "AngoLeague", "AngoLeague\AngoLeague.csproj", "{991166AC-1264-427E-82F0-DE0C8CEAE7E0}"
EndProject
Project("{FAE04EC0-301F-11D3-BF4B-00C04F79EFBC}") = "AngoLeague.Shared", "AngoLeague.Shared\AngoLeague.Shared.csproj", "{31620F79-F861-46AD-9BD1-A39D99B642A3}"
EndProject
Project("{FAE04EC0-301F-11D3-BF4B-00C04F79EFBC}") = "AngoLeague.Web", "AngoLeague.Web\AngoLeague.Web.csproj", "{AD0DA6DA-51C9-4708-9259-18115D4C6E1D}"
EndProject
Project("{FAE04EC0-301F-11D3-BF4B-00C04F79EFBC}") = "AngoLeague.Web.Client", "AngoLeague.Web.Client\AngoLeague.Web.Client.csproj", "{06AC6E27-C5C7-4B0C-92B5-23CA4293B76F}"
EndProject
Global
	GlobalSection(SolutionConfigurationPlatforms) = preSolution
		Debug|Any CPU = Debug|Any CPU
		Release|Any CPU = Release|Any CPU
	EndGlobalSection
	GlobalSection(ProjectConfigurationPlatforms) = postSolution
		{991166AC-1264-427E-82F0-DE0C8CEAE7E0}.Debug|Any CPU.ActiveCfg = Debug|Any CPU
		{991166AC-1264-427E-82F0-DE0C8CEAE7E0}.Debug|Any CPU.Build.0 = Debug|Any CPU
		{991166AC-1264-427E-82F0-DE0C8CEAE7E0}.Release|Any CPU.ActiveCfg = Release|Any CPU
		{991166AC-1264-427E-82F0-DE0C8CEAE7E0}.Release|Any CPU.Build.0 = Release|Any CPU
		{31620F79-F861-46AD-9BD1-A39D99B642A3}.Debug|Any CPU.ActiveCfg = Debug|Any CPU
		{31620F79-F861-46AD-9BD1-A39D99B642A3}.Debug|Any CPU.Build.0 = Debug|Any CPU
		{31620F79-F861-46AD-9BD1-A39D99B642A3}.Release|Any CPU.ActiveCfg = Release|Any CPU
		{31620F79-F861-46AD-9BD1-A39D99B642A3}.Release|Any CPU.Build.0 = Release|Any CPU
		{AD0DA6DA-51C9-4708-9259-18115D4C6E1D}.Debug|Any CPU.ActiveCfg = Debug|Any CPU
		{AD0DA6DA-51C9-4708-9259-18115D4C6E1D}.Debug|Any CPU.Build.0 = Debug|Any CPU
		{AD0DA6DA-51C9-4708-9259-18115D4C6E1D}.Release|Any CPU.ActiveCfg = Release|Any CPU
		{AD0DA6DA-51C9-4708-9259-18115D4C6E1D}.Release|Any CPU.Build.0 = Release|Any CPU
		{06AC6E27-C5C7-4B0C-92B5-23CA4293B76F}.Debug|Any CPU.ActiveCfg = Debug|Any CPU
		{06AC6E27-C5C7-4B0C-92B5-23CA4293B76F}.Debug|Any CPU.Build.0 = Debug|Any CPU
		{06AC6E27-C5C7-4B0C-92B5-23CA4293B76F}.Release|Any CPU.ActiveCfg = Release|Any CPU
		{06AC6E27-C5C7-4B0C-92B5-23CA4293B76F}.Release|Any CPU.Build.0 = Release|Any CPU
	EndGlobalSection
	GlobalSection(SolutionProperties) = preSolution
		HideSolutionNode = FALSE
	EndGlobalSection
EndGlobal
